{
  "name": "test-nidirect",
  "version": "1.0.0",
  "lockfileVersion": 2,
  "requires": true,
  "packages": {
    "": {
      "name": "test-nidirect",
      "version": "1.0.0",
      "license": "ISC",
      "dependencies": {
        "@types/jquery": "^3.5.6",
        "govuk-frontend": "^3.6.0",
        "jquery-validation": "^1.19.3",
        "nidirect-frontend": "^2.0.0"
      }
    },
    "node_modules/@types/jquery": {
      "version": "3.5.6",
      "resolved": "https://registry.npmjs.org/@types/jquery/-/jquery-3.5.6.tgz",
      "integrity": "sha512-SmgCQRzGPId4MZQKDj9Hqc6kSXFNWZFHpELkyK8AQhf8Zr6HKfCzFv9ZC1Fv3FyQttJZOlap3qYb12h61iZAIg==",
      "dependencies": {
        "@types/sizzle": "*"
      }
    },
    "node_modules/@types/sizzle": {
      "version": "2.3.3",
      "resolved": "https://registry.npmjs.org/@types/sizzle/-/sizzle-2.3.3.tgz",
      "integrity": "sha512-JYM8x9EGF163bEyhdJBpR2QX1R5naCJHC8ucJylJ3w9/CVBaskdQ8WqBf8MmQrd1kRvp/a4TS8HJ+bxzR7ZJYQ=="
    },
    "node_modules/govuk-frontend": {
      "version": "3.6.0",
      "resolved": "https://registry.npmjs.org/govuk-frontend/-/govuk-frontend-3.6.0.tgz",
      "integrity": "sha512-wTxufdY8vFvKJ2EmmQKmarrQ7n30kzg+vvqgGib2dawl7c5Wst8dffkEJQpy9Zs99TE/yEEFgj0VUO4GRUO22A==",
      "engines": {
        "node": ">= 4.2.0"
      }
    },
    "node_modules/jquery": {
      "version": "3.6.0",
      "resolved": "https://registry.npmjs.org/jquery/-/jquery-3.6.0.tgz",
      "integrity": "sha512-JVzAR/AjBvVt2BmYhxRCSYysDsPcssdmTFnzyLEts9qNwmjmu4JTAMYubEfwVOSwpQ1I1sKKFcxhZCI2buerfw==",
      "peer": true
    },
    "node_modules/jquery-validation": {
      "version": "1.19.3",
      "resolved": "https://registry.npmjs.org/jquery-validation/-/jquery-validation-1.19.3.tgz",
      "integrity": "sha512-iXxCS5W7STthSTMFX/NDZfWHBLbJ1behVK3eAgHXAV8/0vRa9M4tiqHvJMr39VGWHMGdlkhrtrkBuaL2UlE8yw==",
      "peerDependencies": {
        "jquery": "^1.7 || ^2.0 || ^3.1"
      }
    },
    "node_modules/nidirect-frontend": {
      "version": "2.0.0",
      "resolved": "https://registry.npmjs.org/nidirect-frontend/-/nidirect-frontend-2.0.0.tgz",
      "integrity": "sha512-nJ1MlAZ/rY7Yz99hsilDSfdLRM887VN+ZX228cmdTkeXAJrQwS8e0P4rrXBB3np+Ovpmg8nzvo2m06JxYXA+3A==",
      "dependencies": {
        "govuk-frontend": "*"
      }
    }
  },
  "dependencies": {
    "@types/jquery": {
      "version": "3.5.6",
      "resolved": "https://registry.npmjs.org/@types/jquery/-/jquery-3.5.6.tgz",
      "integrity": "sha512-SmgCQRzGPId4MZQKDj9Hqc6kSXFNWZFHpELkyK8AQhf8Zr6HKfCzFv9ZC1Fv3FyQttJZOlap3qYb12h61iZAIg==",
      "requires": {
        "@types/sizzle": "*"
      }
    },
    "@types/sizzle": {
      "version": "2.3.3",
      "resolved": "https://registry.npmjs.org/@types/sizzle/-/sizzle-2.3.3.tgz",
      "integrity": "sha512-JYM8x9EGF163bEyhdJBpR2QX1R5naCJHC8ucJylJ3w9/CVBaskdQ8WqBf8MmQrd1kRvp/a4TS8HJ+bxzR7ZJYQ=="
    },
    "govuk-frontend": {
      "version": "3.6.0",
      "resolved": "https://registry.npmjs.org/govuk-frontend/-/govuk-frontend-3.6.0.tgz",
      "integrity": "sha512-wTxufdY8vFvKJ2EmmQKmarrQ7n30kzg+vvqgGib2dawl7c5Wst8dffkEJQpy9Zs99TE/yEEFgj0VUO4GRUO22A=="
    },
    "jquery": {
      "version": "3.6.0",
      "resolved": "https://registry.npmjs.org/jquery/-/jquery-3.6.0.tgz",
      "integrity": "sha512-JVzAR/AjBvVt2BmYhxRCSYysDsPcssdmTFnzyLEts9qNwmjmu4JTAMYubEfwVOSwpQ1I1sKKFcxhZCI2buerfw==",
      "peer": true
    },
    "jquery-validation": {
      "version": "1.19.3",
      "resolved": "https://registry.npmjs.org/jquery-validation/-/jquery-validation-1.19.3.tgz",
      "integrity": "sha512-iXxCS5W7STthSTMFX/NDZfWHBLbJ1behVK3eAgHXAV8/0vRa9M4tiqHvJMr39VGWHMGdlkhrtrkBuaL2UlE8yw==",
      "requires": {}
    },
    "nidirect-frontend": {
      "version": "2.0.0",
      "resolved": "https://registry.npmjs.org/nidirect-frontend/-/nidirect-frontend-2.0.0.tgz",
      "integrity": "sha512-nJ1MlAZ/rY7Yz99hsilDSfdLRM887VN+ZX228cmdTkeXAJrQwS8e0P4rrXBB3np+Ovpmg8nzvo2m06JxYXA+3A==",
      "requires": {
        "govuk-frontend": "*"
      }
    }
  }
}
